
Microsoft Visual Studio Solution File, Format Version 12.00
# Visual Studio Version 16
VisualStudioVersion = 16.0.29911.84
MinimumVisualStudioVersion = 10.0.40219.1
Project("{FAE04EC0-301F-11D3-BF4B-00C04F79EFBC}") = "EFileApp", "EFileApp\EFileApp.csproj", "{C9F0D314-D3F3-4B30-8999-155D4943C0CA}"
EndProject
Global
	GlobalSection(SolutionConfigurationPlatforms) = preSolution
		Debug|Any CPU = Debug|Any CPU
		Release|Any CPU = Release|Any CPU
	EndGlobalSection
	GlobalSection(ProjectConfigurationPlatforms) = postSolution
		{C9F0D314-D3F3-4B30-8999-155D4943C0CA}.Debug|Any CPU.ActiveCfg = Debug|Any CPU
		{C9F0D314-D3F3-4B30-8999-155D4943C0CA}.Debug|Any CPU.Build.0 = Debug|Any CPU
		{C9F0D314-D3F3-4B30-8999-155D4943C0CA}.Release|Any CPU.ActiveCfg = Release|Any CPU
		{C9F0D314-D3F3-4B30-8999-155D4943C0CA}.Release|Any CPU.Build.0 = Release|Any CPU
	EndGlobalSection
	GlobalSection(SolutionProperties) = preSolution
		HideSolutionNode = FALSE
	EndGlobalSection
	GlobalSection(ExtensibilityGlobals) = postSolution
		SolutionGuid = {2BD86EFB-37D8-4B86-81A0-60B101BD0806}
	EndGlobalSection
EndGlobal
